// !$*UTF8*$!
{
	archiveVersion = 1;
	classes = {
	};
	objectVersion = 50;
	objects = {

/* Begin PBXBuildFile section */
		BBEE136C285A3264004C7F37 /* AppDelegate.swift in Sources */ = {isa = PBXBuildFile; fileRef = BBEE136B285A3264004C7F37 /* AppDelegate.swift */; };
		BBEE136E285A3264004C7F37 /* ContentView.swift in Sources */ = {isa = PBXBuildFile; fileRef = BBEE136D285A3264004C7F37 /* ContentView.swift */; };
		BBEE1370285A326C004C7F37 /* Assets.xcassets in Resources */ = {isa = PBXBuildFile; fileRef = BBEE136F285A326C004C7F37 /* Assets.xcassets */; };
		BBEE1373285A326C004C7F37 /* Preview Assets.xcassets in Resources */ = {isa = PBXBuildFile; fileRef = BBEE1372285A326C004C7F37 /* Preview Assets.xcassets */; };
		BBEE1376285A326C004C7F37 /* Main.storyboard in Resources */ = {isa = PBXBuildFile; fileRef = BBEE1374285A326C004C7F37 /* Main.storyboard */; };
		BBEE1380285A33EC004C7F37 /* StatusBarController.swift in Sources */ = {isa = PBXBuildFile; fileRef = BBEE137F285A33EC004C7F37 /* StatusBarController.swift */; };
		FC170BC7285A7E6B007502C4 /* ScreenRecorder.swift in Sources */ = {isa = PBXBuildFile; fileRef = FC170BC2285A7E6B007502C4 /* ScreenRecorder.swift */; };
		FC170BC8285A7E6B007502C4 /* PowerMeter.swift in Sources */ = {isa = PBXBuildFile; fileRef = FC170BC3285A7E6B007502C4 /* PowerMeter.swift */; };
		FC170BC9285A7E6B007502C4 /* Audio in Resources */ = {isa = PBXBuildFile; fileRef = FC170BC4285A7E6B007502C4 /* Audio */; };
		FC170BCA285A7E6B007502C4 /* AudioPlayer.swift in Sources */ = {isa = PBXBuildFile; fileRef = FC170BC5285A7E6B007502C4 /* AudioPlayer.swift */; };
		FC170BCB285A7E6B007502C4 /* CaptureEngine.swift in Sources */ = {isa = PBXBuildFile; fileRef = FC170BC6285A7E6B007502C4 /* CaptureEngine.swift */; };
		FC170BD1285A7EBC007502C4 /* CapturePreview.swift in Sources */ = {isa = PBXBuildFile; fileRef = FC170BD0285A7EBC007502C4 /* CapturePreview.swift */; };
		FC170BD2285A7EBC007502C4 /* ConfigurationView.swift in Sources */ = {isa = PBXBuildFile; fileRef = FC170BCF285A7EBC007502C4 /* ConfigurationView.swift */; };
		FC170BD3285A7EBC007502C4 /* MaterialView.swift in Sources */ = {isa = PBXBuildFile; fileRef = FC170BCE285A7EBC007502C4 /* MaterialView.swift */; };
		FC170BD5285A7FFA007502C4 /* AudioLevelsView.swift in Sources */ = {isa = PBXBuildFile; fileRef = FC170BD4285A7FFA007502C4 /* AudioLevelsView.swift */; };
		FC170BD8285A8208007502C4 /* Synth.aif in Resources */ = {isa = PBXBuildFile; fileRef = FC170BD7285A81F8007502C4 /* Synth.aif */; };
/* End PBXBuildFile section */

/* Begin PBXFileReference section */
		BBEE1368285A3264004C7F37 /* TrayApp.app */ = {isa = PBXFileReference; explicitFileType = wrapper.application; includeInIndex = 0; path = TrayApp.app; sourceTree = BUILT_PRODUCTS_DIR; };
		BBEE136B285A3264004C7F37 /* AppDelegate.swift */ = {isa = PBXFileReference; lastKnownFileType = sourcecode.swift; path = AppDelegate.swift; sourceTree = "<group>"; };
		BBEE136D285A3264004C7F37 /* ContentView.swift */ = {isa = PBXFileReference; lastKnownFileType = sourcecode.swift; path = ContentView.swift; sourceTree = "<group>"; };
		BBEE136F285A326C004C7F37 /* Assets.xcassets */ = {isa = PBXFileReference; lastKnownFileType = folder.assetcatalog; path = Assets.xcassets; sourceTree = "<group>"; };
		BBEE1372285A326C004C7F37 /* Preview Assets.xcassets */ = {isa = PBXFileReference; lastKnownFileType = folder.assetcatalog; path = "Preview Assets.xcassets"; sourceTree = "<group>"; };
		BBEE1375285A326C004C7F37 /* Base */ = {isa = PBXFileReference; lastKnownFileType = file.storyboard; name = Base; path = Base.lproj/Main.storyboard; sourceTree = "<group>"; };
		BBEE1377285A326C004C7F37 /* Info.plist */ = {isa = PBXFileReference; lastKnownFileType = text.plist.xml; path = Info.plist; sourceTree = "<group>"; };
		BBEE1378285A326C004C7F37 /* TrayApp.entitlements */ = {isa = PBXFileReference; lastKnownFileType = text.plist.entitlements; path = TrayApp.entitlements; sourceTree = "<group>"; };
		BBEE137F285A33EC004C7F37 /* StatusBarController.swift */ = {isa = PBXFileReference; lastKnownFileType = sourcecode.swift; path = StatusBarController.swift; sourceTree = "<group>"; };
		FC170BC2285A7E6B007502C4 /* ScreenRecorder.swift */ = {isa = PBXFileReference; fileEncoding = 4; lastKnownFileType = sourcecode.swift; path = ScreenRecorder.swift; sourceTree = "<group>"; };
		FC170BC3285A7E6B007502C4 /* PowerMeter.swift */ = {isa = PBXFileReference; fileEncoding = 4; lastKnownFileType = sourcecode.swift; path = PowerMeter.swift; sourceTree = "<group>"; };
		FC170BC4285A7E6B007502C4 /* Audio */ = {isa = PBXFileReference; lastKnownFileType = folder; path = Audio; sourceTree = "<group>"; };
		FC170BC5285A7E6B007502C4 /* AudioPlayer.swift */ = {isa = PBXFileReference; fileEncoding = 4; lastKnownFileType = sourcecode.swift; path = AudioPlayer.swift; sourceTree = "<group>"; };
		FC170BC6285A7E6B007502C4 /* CaptureEngine.swift */ = {isa = PBXFileReference; fileEncoding = 4; lastKnownFileType = sourcecode.swift; path = CaptureEngine.swift; sourceTree = "<group>"; };
		FC170BCE285A7EBC007502C4 /* MaterialView.swift */ = {isa = PBXFileReference; lastKnownFileType = sourcecode.swift; path = MaterialView.swift; sourceTree = "<group>"; };
		FC170BCF285A7EBC007502C4 /* ConfigurationView.swift */ = {isa = PBXFileReference; lastKnownFileType = sourcecode.swift; path = ConfigurationView.swift; sourceTree = "<group>"; };
		FC170BD0285A7EBC007502C4 /* CapturePreview.swift */ = {isa = PBXFileReference; lastKnownFileType = sourcecode.swift; path = CapturePreview.swift; sourceTree = "<group>"; };
		FC170BD4285A7FFA007502C4 /* AudioLevelsView.swift */ = {isa = PBXFileReference; fileEncoding = 4; lastKnownFileType = sourcecode.swift; path = AudioLevelsView.swift; sourceTree = "<group>"; };
		FC170BD7285A81F8007502C4 /* Synth.aif */ = {isa = PBXFileReference; lastKnownFileType = file; path = Synth.aif; sourceTree = "<group>"; };
/* End PBXFileReference section */

/* Begin PBXFrameworksBuildPhase section */
		BBEE1365285A3264004C7F37 /* Frameworks */ = {
			isa = PBXFrameworksBuildPhase;
			buildActionMask = 2147483647;
			files = (
			);
			runOnlyForDeploymentPostprocessing = 0;
		};
/* End PBXFrameworksBuildPhase section */

/* Begin PBXGroup section */
		BBEE135F285A3264004C7F37 = {
			isa = PBXGroup;
			children = (
				BBEE136A285A3264004C7F37 /* TrayApp */,
				BBEE1369285A3264004C7F37 /* Products */,
			);
			sourceTree = "<group>";
		};
		BBEE1369285A3264004C7F37 /* Products */ = {
			isa = PBXGroup;
			children = (
				BBEE1368285A3264004C7F37 /* TrayApp.app */,
			);
			name = Products;
			sourceTree = "<group>";
		};
		BBEE136A285A3264004C7F37 /* TrayApp */ = {
			isa = PBXGroup;
			children = (
				FC170BD0285A7EBC007502C4 /* CapturePreview.swift */,
				FC170BCF285A7EBC007502C4 /* ConfigurationView.swift */,
				FC170BCE285A7EBC007502C4 /* MaterialView.swift */,
				BBEE136B285A3264004C7F37 /* AppDelegate.swift */,
				BBEE136D285A3264004C7F37 /* ContentView.swift */,
				BBEE136F285A326C004C7F37 /* Assets.xcassets */,
				BBEE1374285A326C004C7F37 /* Main.storyboard */,
				BBEE1377285A326C004C7F37 /* Info.plist */,
				BBEE1378285A326C004C7F37 /* TrayApp.entitlements */,
				BBEE1371285A326C004C7F37 /* Preview Content */,
				BBEE137F285A33EC004C7F37 /* StatusBarController.swift */,
				FC170BC4285A7E6B007502C4 /* Audio */,
				FC170BC5285A7E6B007502C4 /* AudioPlayer.swift */,
				FC170BD4285A7FFA007502C4 /* AudioLevelsView.swift */,
				FC170BC6285A7E6B007502C4 /* CaptureEngine.swift */,
				FC170BC3285A7E6B007502C4 /* PowerMeter.swift */,
				FC170BC2285A7E6B007502C4 /* ScreenRecorder.swift */,
				FC170BD7285A81F8007502C4 /* Synth.aif */,
			);
			path = TrayApp;
			sourceTree = "<group>";
			usesTabs = 0;
		};
		BBEE1371285A326C004C7F37 /* Preview Content */ = {
			isa = PBXGroup;
			children = (
				BBEE1372285A326C004C7F37 /* Preview Assets.xcassets */,
			);
			path = "Preview Content";
			sourceTree = "<group>";
		};
/* End PBXGroup section */

/* Begin PBXNativeTarget section */
		BBEE1367285A3264004C7F37 /* TrayApp */ = {
			isa = PBXNativeTarget;
			buildConfigurationList = BBEE137B285A326C004C7F37 /* Build configuration list for PBXNativeTarget "TrayApp" */;
			buildPhases = (
				BBEE1364285A3264004C7F37 /* Sources */,
				BBEE1365285A3264004C7F37 /* Frameworks */,
				BBEE1366285A3264004C7F37 /* Resources */,
			);
			buildRules = (
			);
			dependencies = (
			);
			name = TrayApp;
			productName = TrayApp;
			productReference = BBEE1368285A3264004C7F37 /* TrayApp.app */;
			productType = "com.apple.product-type.application";
		};
/* End PBXNativeTarget section */

/* Begin PBXProject section */
		BBEE1360285A3264004C7F37 /* Project object */ = {
			isa = PBXProject;
			attributes = {
				LastSwiftUpdateCheck = 1240;
				LastUpgradeCheck = 1240;
				TargetAttributes = {
					BBEE1367285A3264004C7F37 = {
						CreatedOnToolsVersion = 12.4;
					};
				};
			};
			buildConfigurationList = BBEE1363285A3264004C7F37 /* Build configuration list for PBXProject "TrayApp" */;
			compatibilityVersion = "Xcode 9.3";
			developmentRegion = en;
			hasScannedForEncodings = 0;
			knownRegions = (
				en,
				Base,
			);
			mainGroup = BBEE135F285A3264004C7F37;
			productRefGroup = BBEE1369285A3264004C7F37 /* Products */;
			projectDirPath = "";
			projectRoot = "";
			targets = (
				BBEE1367285A3264004C7F37 /* TrayApp */,
			);
		};
/* End PBXProject section */

/* Begin PBXResourcesBuildPhase section */
		BBEE1366285A3264004C7F37 /* Resources */ = {
			isa = PBXResourcesBuildPhase;
			buildActionMask = 2147483647;
			files = (
				FC170BD8285A8208007502C4 /* Synth.aif in Resources */,
				BBEE1376285A326C004C7F37 /* Main.storyboard in Resources */,
				BBEE1373285A326C004C7F37 /* Preview Assets.xcassets in Resources */,
				BBEE1370285A326C004C7F37 /* Assets.xcassets in Resources */,
				FC170BC9285A7E6B007502C4 /* Audio in Resources */,
			);
			runOnlyForDeploymentPostprocessing = 0;
		};
/* End PBXResourcesBuildPhase section */

/* Begin PBXSourcesBuildPhase section */
		BBEE1364285A3264004C7F37 /* Sources */ = {
			isa = PBXSourcesBuildPhase;
			buildActionMask = 2147483647;
			files = (
				FC170BCB285A7E6B007502C4 /* CaptureEngine.swift in Sources */,
				FC170BD2285A7EBC007502C4 /* ConfigurationView.swift in Sources */,
				BBEE136E285A3264004C7F37 /* ContentView.swift in Sources */,
				FC170BC7285A7E6B007502C4 /* ScreenRecorder.swift in Sources */,
				FC170BD5285A7FFA007502C4 /* AudioLevelsView.swift in Sources */,
				BBEE1380285A33EC004C7F37 /* StatusBarController.swift in Sources */,
				FC170BC8285A7E6B007502C4 /* PowerMeter.swift in Sources */,
				FC170BD1285A7EBC007502C4 /* CapturePreview.swift in Sources */,
				FC170BD3285A7EBC007502C4 /* MaterialView.swift in Sources */,
				BBEE136C285A3264004C7F37 /* AppDelegate.swift in Sources */,
				FC170BCA285A7E6B007502C4 /* AudioPlayer.swift in Sources */,
			);
			runOnlyForDeploymentPostprocessing = 0;
		};
/* End PBXSourcesBuildPhase section */

/* Begin PBXVariantGroup section */
		BBEE1374285A326C004C7F37 /* Main.storyboard */ = {
			isa = PBXVariantGroup;
			children = (
				BBEE1375285A326C004C7F37 /* Base */,
			);
			name = Main.storyboard;
			sourceTree = "<group>";
		};
/* End PBXVariantGroup section */

/* Begin XCBuildConfiguration section */
		BBEE1379285A326C004C7F37 /* Debug */ = {
			isa = XCBuildConfiguration;
			buildSettings = {
				ALWAYS_SEARCH_USER_PATHS = NO;
				CLANG_ANALYZER_NONNULL = YES;
				CLANG_ANALYZER_NUMBER_OBJECT_CONVERSION = YES_AGGRESSIVE;
				CLANG_CXX_LANGUAGE_STANDARD = "gnu++14";
				CLANG_CXX_LIBRARY = "libc++";
				CLANG_ENABLE_MODULES = YES;
				CLANG_ENABLE_OBJC_ARC = YES;
				CLANG_ENABLE_OBJC_WEAK = YES;
				CLANG_WARN_BLOCK_CAPTURE_AUTORELEASING = YES;
				CLANG_WARN_BOOL_CONVERSION = YES;
				CLANG_WARN_COMMA = YES;
				CLANG_WARN_CONSTANT_CONVERSION = YES;
				CLANG_WARN_DEPRECATED_OBJC_IMPLEMENTATIONS = YES;
				CLANG_WARN_DIRECT_OBJC_ISA_USAGE = YES_ERROR;
				CLANG_WARN_DOCUMENTATION_COMMENTS = YES;
				CLANG_WARN_EMPTY_BODY = YES;
				CLANG_WARN_ENUM_CONVERSION = YES;
				CLANG_WARN_INFINITE_RECURSION = YES;
				CLANG_WARN_INT_CONVERSION = YES;
				CLANG_WARN_NON_LITERAL_NULL_CONVERSION = YES;
				CLANG_WARN_OBJC_IMPLICIT_RETAIN_SELF = YES;
				CLANG_WARN_OBJC_LITERAL_CONVERSION = YES;
				CLANG_WARN_OBJC_ROOT_CLASS = YES_ERROR;
				CLANG_WARN_QUOTED_INCLUDE_IN_FRAMEWORK_HEADER = YES;
				CLANG_WARN_RANGE_LOOP_ANALYSIS = YES;
				CLANG_WARN_STRICT_PROTOTYPES = YES;
				CLANG_WARN_SUSPICIOUS_MOVE = YES;
				CLANG_WARN_UNGUARDED_AVAILABILITY = YES_AGGRESSIVE;
				CLANG_WARN_UNREACHABLE_CODE = YES;
				CLANG_WARN__DUPLICATE_METHOD_MATCH = YES;
				COPY_PHASE_STRIP = NO;
				DEBUG_INFORMATION_FORMAT = dwarf;
				ENABLE_STRICT_OBJC_MSGSEND = YES;
				ENABLE_TESTABILITY = YES;
				GCC_C_LANGUAGE_STANDARD = gnu11;
				GCC_DYNAMIC_NO_PIC = NO;
				GCC_NO_COMMON_BLOCKS = YES;
				GCC_OPTIMIZATION_LEVEL = 0;
				GCC_PREPROCESSOR_DEFINITIONS = (
					"DEBUG=1",
					"$(inherited)",
				);
				GCC_WARN_64_TO_32_BIT_CONVERSION = YES;
				GCC_WARN_ABOUT_RETURN_TYPE = YES_ERROR;
				GCC_WARN_UNDECLARED_SELECTOR = YES;
				GCC_WARN_UNINITIALIZED_AUTOS = YES_AGGRESSIVE;
				GCC_WARN_UNUSED_FUNCTION = YES;
				GCC_WARN_UNUSED_VARIABLE = YES;
				MACOSX_DEPLOYMENT_TARGET = 12.3;
				MTL_ENABLE_DEBUG_INFO = INCLUDE_SOURCE;
				MTL_FAST_MATH = YES;
				ONLY_ACTIVE_ARCH = YES;
				SDKROOT = macosx;
				SWIFT_ACTIVE_COMPILATION_CONDITIONS = DEBUG;
				SWIFT_OPTIMIZATION_LEVEL = "-Onone";
			};
			name = Debug;
		};
		BBEE137A285A326C004C7F37 /* Release */ = {
			isa = XCBuildConfiguration;
			buildSettings = {
				ALWAYS_SEARCH_USER_PATHS = NO;
				CLANG_ANALYZER_NONNULL = YES;
				CLANG_ANALYZER_NUMBER_OBJECT_CONVERSION = YES_AGGRESSIVE;
				CLANG_CXX_LANGUAGE_STANDARD = "gnu++14";
				CLANG_CXX_LIBRARY = "libc++";
				CLANG_ENABLE_MODULES = YES;
				CLANG_ENABLE_OBJC_ARC = YES;
				CLANG_ENABLE_OBJC_WEAK = YES;
				CLANG_WARN_BLOCK_CAPTURE_AUTORELEASING = YES;
				CLANG_WARN_BOOL_CONVERSION = YES;
				CLANG_WARN_COMMA = YES;
				CLANG_WARN_CONSTANT_CONVERSION = YES;
				CLANG_WARN_DEPRECATED_OBJC_IMPLEMENTATIONS = YES;
				CLANG_WARN_DIRECT_OBJC_ISA_USAGE = YES_ERROR;
				CLANG_WARN_DOCUMENTATION_COMMENTS = YES;
				CLANG_WARN_EMPTY_BODY = YES;
				CLANG_WARN_ENUM_CONVERSION = YES;
				CLANG_WARN_INFINITE_RECURSION = YES;
				CLANG_WARN_INT_CONVERSION = YES;
				CLANG_WARN_NON_LITERAL_NULL_CONVERSION = YES;
				CLANG_WARN_OBJC_IMPLICIT_RETAIN_SELF = YES;
				CLANG_WARN_OBJC_LITERAL_CONVERSION = YES;
				CLANG_WARN_OBJC_ROOT_CLASS = YES_ERROR;
				CLANG_WARN_QUOTED_INCLUDE_IN_FRAMEWORK_HEADER = YES;
				CLANG_WARN_RANGE_LOOP_ANALYSIS = YES;
				CLANG_WARN_STRICT_PROTOTYPES = YES;
				CLANG_WARN_SUSPICIOUS_MOVE = YES;
				CLANG_WARN_UNGUARDED_AVAILABILITY = YES_AGGRESSIVE;
				CLANG_WARN_UNREACHABLE_CODE = YES;
				CLANG_WARN__DUPLICATE_METHOD_MATCH = YES;
				COPY_PHASE_STRIP = NO;
				DEBUG_INFORMATION_FORMAT = "dwarf-with-dsym";
				ENABLE_NS_ASSERTIONS = NO;
				ENABLE_STRICT_OBJC_MSGSEND = YES;
				GCC_C_LANGUAGE_STANDARD = gnu11;
				GCC_NO_COMMON_BLOCKS = YES;
				GCC_WARN_64_TO_32_BIT_CONVERSION = YES;
				GCC_WARN_ABOUT_RETURN_TYPE = YES_ERROR;
				GCC_WARN_UNDECLARED_SELECTOR = YES;
				GCC_WARN_UNINITIALIZED_AUTOS = YES_AGGRESSIVE;
				GCC_WARN_UNUSED_FUNCTION = YES;
				GCC_WARN_UNUSED_VARIABLE = YES;
				MACOSX_DEPLOYMENT_TARGET = 12.3;
				MTL_ENABLE_DEBUG_INFO = NO;
				MTL_FAST_MATH = YES;
				SDKROOT = macosx;
				SWIFT_COMPILATION_MODE = wholemodule;
				SWIFT_OPTIMIZATION_LEVEL = "-O";
			};
			name = Release;
		};
		BBEE137C285A326C004C7F37 /* Debug */ = {
			isa = XCBuildConfiguration;
			buildSettings = {
				ASSETCATALOG_COMPILER_APPICON_NAME = AppIcon;
				ASSETCATALOG_COMPILER_GLOBAL_ACCENT_COLOR_NAME = AccentColor;
				CODE_SIGN_ENTITLEMENTS = TrayApp/TrayApp.entitlements;
				CODE_SIGN_STYLE = Automatic;
				COMBINE_HIDPI_IMAGES = YES;
				DEVELOPMENT_ASSET_PATHS = "\"TrayApp/Preview Content\"";
				ENABLE_PREVIEWS = YES;
				INFOPLIST_FILE = TrayApp/Info.plist;
				LD_RUNPATH_SEARCH_PATHS = (
					"$(inherited)",
					"@executable_path/../Frameworks",
				);
				MACOSX_DEPLOYMENT_TARGET = 12.3;
				PRODUCT_BUNDLE_IDENTIFIER = com.foo.bar.TrayApp;
				PRODUCT_NAME = "$(TARGET_NAME)";
				SWIFT_VERSION = 5.0;
			};
			name = Debug;
		};
		BBEE137D285A326C004C7F37 /* Release */ = {
			isa = XCBuildConfiguration;
			buildSettings = {
				ASSETCATALOG_COMPILER_APPICON_NAME = AppIcon;
				ASSETCATALOG_COMPILER_GLOBAL_ACCENT_COLOR_NAME = AccentColor;
				CODE_SIGN_ENTITLEMENTS = TrayApp/TrayApp.entitlements;
				CODE_SIGN_STYLE = Automatic;
				COMBINE_HIDPI_IMAGES = YES;
				DEVELOPMENT_ASSET_PATHS = "\"TrayApp/Preview Content\"";
				ENABLE_PREVIEWS = YES;
				INFOPLIST_FILE = TrayApp/Info.plist;
				LD_RUNPATH_SEARCH_PATHS = (
					"$(inherited)",
					"@executable_path/../Frameworks",
				);
				MACOSX_DEPLOYMENT_TARGET = 12.3;
				PRODUCT_BUNDLE_IDENTIFIER = com.foo.bar.TrayApp;
				PRODUCT_NAME = "$(TARGET_NAME)";
				SWIFT_VERSION = 5.0;
			};
			name = Release;
		};
/* End XCBuildConfiguration section */

/* Begin XCConfigurationList section */
		BBEE1363285A3264004C7F37 /* Build configuration list for PBXProject "TrayApp" */ = {
			isa = XCConfigurationList;
			buildConfigurations = (
				BBEE1379285A326C004C7F37 /* Debug */,
				BBEE137A285A326C004C7F37 /* Release */,
			);
			defaultConfigurationIsVisible = 0;
			defaultConfigurationName = Release;
		};
		BBEE137B285A326C004C7F37 /* Build configuration list for PBXNativeTarget "TrayApp" */ = {
			isa = XCConfigurationList;
			buildConfigurations = (
				BBEE137C285A326C004C7F37 /* Debug */,
				BBEE137D285A326C004C7F37 /* Release */,
			);
			defaultConfigurationIsVisible = 0;
			defaultConfigurationName = Release;
		};
/* End XCConfigurationList section */
	};
	rootObject = BBEE1360285A3264004C7F37 /* Project object */;
}
